
Microsoft Visual Studio Solution File, Format Version 12.00
# Visual Studio 2013
VisualStudioVersion = 12.0.31101.0
MinimumVisualStudioVersion = 10.0.40219.1
Project("{2150E333-8FDC-42A3-9474-1A3956D46DE8}") = "src", "src", "{59E9084A-1305-4595-98C8-88F39EBB1C9D}"
EndProject
Project("{FAE04EC0-301F-11D3-BF4B-00C04F79EFBC}") = "Web", "Web\Web.csproj", "{B08241A6-AAE8-48AC-ACD8-B618C9E228F2}"
EndProject
Project("{FAE04EC0-301F-11D3-BF4B-00C04F79EFBC}") = "Instrumentation", "Instrumentation\Instrumentation.csproj", "{28B23829-9CCD-41FC-B5BB-391A2F28099D}"
EndProject
Project("{FAE04EC0-301F-11D3-BF4B-00C04F79EFBC}") = "TelemetryRecorder", "TelemetryRecorder\TelemetryRecorder.csproj", "{A4590D28-2E03-4E1F-9A06-396829F9CF4D}"
EndProject
Global
	GlobalSection(SolutionConfigurationPlatforms) = preSolution
		Debug|Any CPU = Debug|Any CPU
		Release|Any CPU = Release|Any CPU
	EndGlobalSection
	GlobalSection(ProjectConfigurationPlatforms) = postSolution
		{B08241A6-AAE8-48AC-ACD8-B618C9E228F2}.Debug|Any CPU.ActiveCfg = Debug|Any CPU
		{B08241A6-AAE8-48AC-ACD8-B618C9E228F2}.Debug|Any CPU.Build.0 = Debug|Any CPU
		{B08241A6-AAE8-48AC-ACD8-B618C9E228F2}.Release|Any CPU.ActiveCfg = Release|Any CPU
		{B08241A6-AAE8-48AC-ACD8-B618C9E228F2}.Release|Any CPU.Build.0 = Release|Any CPU
		{28B23829-9CCD-41FC-B5BB-391A2F28099D}.Debug|Any CPU.ActiveCfg = Debug|Any CPU
		{28B23829-9CCD-41FC-B5BB-391A2F28099D}.Debug|Any CPU.Build.0 = Debug|Any CPU
		{28B23829-9CCD-41FC-B5BB-391A2F28099D}.Release|Any CPU.ActiveCfg = Release|Any CPU
		{28B23829-9CCD-41FC-B5BB-391A2F28099D}.Release|Any CPU.Build.0 = Release|Any CPU
		{A4590D28-2E03-4E1F-9A06-396829F9CF4D}.Debug|Any CPU.ActiveCfg = Debug|Any CPU
		{A4590D28-2E03-4E1F-9A06-396829F9CF4D}.Debug|Any CPU.Build.0 = Debug|Any CPU
		{A4590D28-2E03-4E1F-9A06-396829F9CF4D}.Release|Any CPU.ActiveCfg = Release|Any CPU
		{A4590D28-2E03-4E1F-9A06-396829F9CF4D}.Release|Any CPU.Build.0 = Release|Any CPU
	EndGlobalSection
	GlobalSection(SolutionProperties) = preSolution
		HideSolutionNode = FALSE
	EndGlobalSection
	GlobalSection(NestedProjects) = preSolution
		{B08241A6-AAE8-48AC-ACD8-B618C9E228F2} = {59E9084A-1305-4595-98C8-88F39EBB1C9D}
		{28B23829-9CCD-41FC-B5BB-391A2F28099D} = {59E9084A-1305-4595-98C8-88F39EBB1C9D}
		{A4590D28-2E03-4E1F-9A06-396829F9CF4D} = {59E9084A-1305-4595-98C8-88F39EBB1C9D}
	EndGlobalSection
EndGlobal
